
Microsoft Visual Studio Solution File, Format Version 12.00
# Visual Studio Version 16
VisualStudioVersion = 16.0.30621.155
MinimumVisualStudioVersion = 10.0.40219.1
Project("{FAE04EC0-301F-11D3-BF4B-00C04F79EFBC}") = "FriendColorlist", "FriendColorlist.csproj", "{3DA4E07C-AB79-42BF-92E4-461FD6DC9A32}"
EndProject
Global
	GlobalSection(SolutionConfigurationPlatforms) = preSolution
		Debug|Any CPU = Debug|Any CPU
		Release|Any CPU = Release|Any CPU
	EndGlobalSection
	GlobalSection(ProjectConfigurationPlatforms) = postSolution
		{3DA4E07C-AB79-42BF-92E4-461FD6DC9A32}.Debug|Any CPU.ActiveCfg = Debug|Any CPU
		{3DA4E07C-AB79-42BF-92E4-461FD6DC9A32}.Debug|Any CPU.Build.0 = Debug|Any CPU
		{3DA4E07C-AB79-42BF-92E4-461FD6DC9A32}.Release|Any CPU.ActiveCfg = Release|Any CPU
		{3DA4E07C-AB79-42BF-92E4-461FD6DC9A32}.Release|Any CPU.Build.0 = Release|Any CPU
	EndGlobalSection
	GlobalSection(SolutionProperties) = preSolution
		HideSolutionNode = FALSE
	EndGlobalSection
	GlobalSection(ExtensibilityGlobals) = postSolution
		SolutionGuid = {C88B4B60-720F-4955-BF27-3A2B117C4AF3}
	EndGlobalSection
EndGlobal
