
Microsoft Visual Studio Solution File, Format Version 12.00
# Visual Studio Version 16
VisualStudioVersion = 16.0.31410.357
MinimumVisualStudioVersion = 10.0.40219.1
Project("{FAE04EC0-301F-11D3-BF4B-00C04F79EFBC}") = "SticksGame", "SticksGame.csproj", "{3002E8EC-A6DA-476E-81F1-D6498D872D20}"
EndProject
Global
	GlobalSection(SolutionConfigurationPlatforms) = preSolution
		Debug|Any CPU = Debug|Any CPU
		Release|Any CPU = Release|Any CPU
	EndGlobalSection
	GlobalSection(ProjectConfigurationPlatforms) = postSolution
		{3002E8EC-A6DA-476E-81F1-D6498D872D20}.Debug|Any CPU.ActiveCfg = Debug|Any CPU
		{3002E8EC-A6DA-476E-81F1-D6498D872D20}.Debug|Any CPU.Build.0 = Debug|Any CPU
		{3002E8EC-A6DA-476E-81F1-D6498D872D20}.Release|Any CPU.ActiveCfg = Release|Any CPU
		{3002E8EC-A6DA-476E-81F1-D6498D872D20}.Release|Any CPU.Build.0 = Release|Any CPU
	EndGlobalSection
	GlobalSection(SolutionProperties) = preSolution
		HideSolutionNode = FALSE
	EndGlobalSection
	GlobalSection(ExtensibilityGlobals) = postSolution
		SolutionGuid = {291B7D26-C03C-46AD-94DF-FA5E5084D3CB}
	EndGlobalSection
EndGlobal
